// !$*UTF8*$!
{
	archiveVersion = 1;
	classes = {
	};
	objectVersion = 46;
	objects = {

/* Begin PBXBuildFile section */
		63C8C9B01D565164001CE28B /* AppDelegate.swift in Sources */ = {isa = PBXBuildFile; fileRef = 63C8C9AF1D565164001CE28B /* AppDelegate.swift */; };
		63C8C9B21D565164001CE28B /* ViewController.swift in Sources */ = {isa = PBXBuildFile; fileRef = 63C8C9B11D565164001CE28B /* ViewController.swift */; };
		63C8C9B51D565164001CE28B /* Main.storyboard in Resources */ = {isa = PBXBuildFile; fileRef = 63C8C9B31D565164001CE28B /* Main.storyboard */; };
		63C8C9B71D565164001CE28B /* Assets.xcassets in Resources */ = {isa = PBXBuildFile; fileRef = 63C8C9B61D565164001CE28B /* Assets.xcassets */; };
		63C8C9BA1D565164001CE28B /* LaunchScreen.storyboard in Resources */ = {isa = PBXBuildFile; fileRef = 63C8C9B81D565164001CE28B /* LaunchScreen.storyboard */; };
		63C8C9C51D565164001CE28B /* estimoteTriggerURLTests.swift in Sources */ = {isa = PBXBuildFile; fileRef = 63C8C9C41D565164001CE28B /* estimoteTriggerURLTests.swift */; };
		63C8C9D01D565164001CE28B /* estimoteTriggerURLUITests.swift in Sources */ = {isa = PBXBuildFile; fileRef = 63C8C9CF1D565164001CE28B /* estimoteTriggerURLUITests.swift */; };
		9A6327A09A4141C48B4C3F8C /* libPods-estimoteTriggerURL.a in Frameworks */ = {isa = PBXBuildFile; fileRef = 7F518C5EFC414AA8EF9CAAE0 /* libPods-estimoteTriggerURL.a */; };
/* End PBXBuildFile section */

/* Begin PBXContainerItemProxy section */
		63C8C9C11D565164001CE28B /* PBXContainerItemProxy */ = {
			isa = PBXContainerItemProxy;
			containerPortal = 63C8C9A41D565164001CE28B /* Project object */;
			proxyType = 1;
			remoteGlobalIDString = 63C8C9AB1D565164001CE28B;
			remoteInfo = estimoteTriggerURL;
		};
		63C8C9CC1D565164001CE28B /* PBXContainerItemProxy */ = {
			isa = PBXContainerItemProxy;
			containerPortal = 63C8C9A41D565164001CE28B /* Project object */;
			proxyType = 1;
			remoteGlobalIDString = 63C8C9AB1D565164001CE28B;
			remoteInfo = estimoteTriggerURL;
		};
/* End PBXContainerItemProxy section */

/* Begin PBXFileReference section */
		0BB1C91E0EE254B8300A4B52 /* Pods-estimoteTriggerURL.release.xcconfig */ = {isa = PBXFileReference; includeInIndex = 1; lastKnownFileType = text.xcconfig; name = "Pods-estimoteTriggerURL.release.xcconfig"; path = "Pods/Target Support Files/Pods-estimoteTriggerURL/Pods-estimoteTriggerURL.release.xcconfig"; sourceTree = "<group>"; };
		63002A181D567D5100E9C1C0 /* ObjCBridge.h */ = {isa = PBXFileReference; lastKnownFileType = sourcecode.c.h; path = ObjCBridge.h; sourceTree = "<group>"; };
		63C8C9AC1D565164001CE28B /* estimoteTriggerURL.app */ = {isa = PBXFileReference; explicitFileType = wrapper.application; includeInIndex = 0; path = estimoteTriggerURL.app; sourceTree = BUILT_PRODUCTS_DIR; };
		63C8C9AF1D565164001CE28B /* AppDelegate.swift */ = {isa = PBXFileReference; lastKnownFileType = sourcecode.swift; path = AppDelegate.swift; sourceTree = "<group>"; };
		63C8C9B11D565164001CE28B /* ViewController.swift */ = {isa = PBXFileReference; lastKnownFileType = sourcecode.swift; path = ViewController.swift; sourceTree = "<group>"; };
		63C8C9B41D565164001CE28B /* Base */ = {isa = PBXFileReference; lastKnownFileType = file.storyboard; name = Base; path = Base.lproj/Main.storyboard; sourceTree = "<group>"; };
		63C8C9B61D565164001CE28B /* Assets.xcassets */ = {isa = PBXFileReference; lastKnownFileType = folder.assetcatalog; path = Assets.xcassets; sourceTree = "<group>"; };
		63C8C9B91D565164001CE28B /* Base */ = {isa = PBXFileReference; lastKnownFileType = file.storyboard; name = Base; path = Base.lproj/LaunchScreen.storyboard; sourceTree = "<group>"; };
		63C8C9BB1D565164001CE28B /* Info.plist */ = {isa = PBXFileReference; lastKnownFileType = text.plist.xml; path = Info.plist; sourceTree = "<group>"; };
		63C8C9C01D565164001CE28B /* estimoteTriggerURLTests.xctest */ = {isa = PBXFileReference; explicitFileType = wrapper.cfbundle; includeInIndex = 0; path = estimoteTriggerURLTests.xctest; sourceTree = BUILT_PRODUCTS_DIR; };
		63C8C9C41D565164001CE28B /* estimoteTriggerURLTests.swift */ = {isa = PBXFileReference; lastKnownFileType = sourcecode.swift; path = estimoteTriggerURLTests.swift; sourceTree = "<group>"; };
		63C8C9C61D565164001CE28B /* Info.plist */ = {isa = PBXFileReference; lastKnownFileType = text.plist.xml; path = Info.plist; sourceTree = "<group>"; };
		63C8C9CB1D565164001CE28B /* estimoteTriggerURLUITests.xctest */ = {isa = PBXFileReference; explicitFileType = wrapper.cfbundle; includeInIndex = 0; path = estimoteTriggerURLUITests.xctest; sourceTree = BUILT_PRODUCTS_DIR; };
		63C8C9CF1D565164001CE28B /* estimoteTriggerURLUITests.swift */ = {isa = PBXFileReference; lastKnownFileType = sourcecode.swift; path = estimoteTriggerURLUITests.swift; sourceTree = "<group>"; };
		63C8C9D11D565164001CE28B /* Info.plist */ = {isa = PBXFileReference; lastKnownFileType = text.plist.xml; path = Info.plist; sourceTree = "<group>"; };
		7F518C5EFC414AA8EF9CAAE0 /* libPods-estimoteTriggerURL.a */ = {isa = PBXFileReference; explicitFileType = archive.ar; includeInIndex = 0; path = "libPods-estimoteTriggerURL.a"; sourceTree = BUILT_PRODUCTS_DIR; };
		9275B8B8E7CC63486B50FC9E /* Pods-estimoteTriggerURL.debug.xcconfig */ = {isa = PBXFileReference; includeInIndex = 1; lastKnownFileType = text.xcconfig; name = "Pods-estimoteTriggerURL.debug.xcconfig"; path = "Pods/Target Support Files/Pods-estimoteTriggerURL/Pods-estimoteTriggerURL.debug.xcconfig"; sourceTree = "<group>"; };
/* End PBXFileReference section */

/* Begin PBXFrameworksBuildPhase section */
		63C8C9A91D565164001CE28B /* Frameworks */ = {
			isa = PBXFrameworksBuildPhase;
			buildActionMask = 2147483647;
			files = (
				9A6327A09A4141C48B4C3F8C /* libPods-estimoteTriggerURL.a in Frameworks */,
			);
			runOnlyForDeploymentPostprocessing = 0;
		};
		63C8C9BD1D565164001CE28B /* Frameworks */ = {
			isa = PBXFrameworksBuildPhase;
			buildActionMask = 2147483647;
			files = (
			);
			runOnlyForDeploymentPostprocessing = 0;
		};
		63C8C9C81D565164001CE28B /* Frameworks */ = {
			isa = PBXFrameworksBuildPhase;
			buildActionMask = 2147483647;
			files = (
			);
			runOnlyForDeploymentPostprocessing = 0;
		};
/* End PBXFrameworksBuildPhase section */

/* Begin PBXGroup section */
		63C8C9A31D565164001CE28B = {
			isa = PBXGroup;
			children = (
				63C8C9AE1D565164001CE28B /* estimoteTriggerURL */,
				63C8C9C31D565164001CE28B /* estimoteTriggerURLTests */,
				63C8C9CE1D565164001CE28B /* estimoteTriggerURLUITests */,
				63C8C9AD1D565164001CE28B /* Products */,
				CBDC3AB321AD050E9679721E /* Pods */,
				D1F8B242F8E32F69A8C305F5 /* Frameworks */,
			);
			sourceTree = "<group>";
		};
		63C8C9AD1D565164001CE28B /* Products */ = {
			isa = PBXGroup;
			children = (
				63C8C9AC1D565164001CE28B /* estimoteTriggerURL.app */,
				63C8C9C01D565164001CE28B /* estimoteTriggerURLTests.xctest */,
				63C8C9CB1D565164001CE28B /* estimoteTriggerURLUITests.xctest */,
			);
			name = Products;
			sourceTree = "<group>";
		};
		63C8C9AE1D565164001CE28B /* estimoteTriggerURL */ = {
			isa = PBXGroup;
			children = (
				63C8C9AF1D565164001CE28B /* AppDelegate.swift */,
				63C8C9B11D565164001CE28B /* ViewController.swift */,
				63C8C9B31D565164001CE28B /* Main.storyboard */,
				63C8C9B61D565164001CE28B /* Assets.xcassets */,
				63C8C9B81D565164001CE28B /* LaunchScreen.storyboard */,
				63C8C9BB1D565164001CE28B /* Info.plist */,
				63002A181D567D5100E9C1C0 /* ObjCBridge.h */,
			);
			path = estimoteTriggerURL;
			sourceTree = "<group>";
		};
		63C8C9C31D565164001CE28B /* estimoteTriggerURLTests */ = {
			isa = PBXGroup;
			children = (
				63C8C9C41D565164001CE28B /* estimoteTriggerURLTests.swift */,
				63C8C9C61D565164001CE28B /* Info.plist */,
			);
			path = estimoteTriggerURLTests;
			sourceTree = "<group>";
		};
		63C8C9CE1D565164001CE28B /* estimoteTriggerURLUITests */ = {
			isa = PBXGroup;
			children = (
				63C8C9CF1D565164001CE28B /* estimoteTriggerURLUITests.swift */,
				63C8C9D11D565164001CE28B /* Info.plist */,
			);
			path = estimoteTriggerURLUITests;
			sourceTree = "<group>";
		};
		CBDC3AB321AD050E9679721E /* Pods */ = {
			isa = PBXGroup;
			children = (
				9275B8B8E7CC63486B50FC9E /* Pods-estimoteTriggerURL.debug.xcconfig */,
				0BB1C91E0EE254B8300A4B52 /* Pods-estimoteTriggerURL.release.xcconfig */,
			);
			name = Pods;
			sourceTree = "<group>";
		};
		D1F8B242F8E32F69A8C305F5 /* Frameworks */ = {
			isa = PBXGroup;
			children = (
				7F518C5EFC414AA8EF9CAAE0 /* libPods-estimoteTriggerURL.a */,
			);
			name = Frameworks;
			sourceTree = "<group>";
		};
/* End PBXGroup section */

/* Begin PBXNativeTarget section */
		63C8C9AB1D565164001CE28B /* estimoteTriggerURL */ = {
			isa = PBXNativeTarget;
			buildConfigurationList = 63C8C9D41D565164001CE28B /* Build configuration list for PBXNativeTarget "estimoteTriggerURL" */;
			buildPhases = (
				6895E20D478178759412AA0A /* [CP] Check Pods Manifest.lock */,
				63C8C9A81D565164001CE28B /* Sources */,
				63C8C9A91D565164001CE28B /* Frameworks */,
				63C8C9AA1D565164001CE28B /* Resources */,
				B83AF47F0743A252C5435393 /* [CP] Embed Pods Frameworks */,
				548DDD6A344E89BBACAD3794 /* [CP] Copy Pods Resources */,
			);
			buildRules = (
			);
			dependencies = (
			);
			name = estimoteTriggerURL;
			productName = estimoteTriggerURL;
			productReference = 63C8C9AC1D565164001CE28B /* estimoteTriggerURL.app */;
			productType = "com.apple.product-type.application";
		};
		63C8C9BF1D565164001CE28B /* estimoteTriggerURLTests */ = {
			isa = PBXNativeTarget;
			buildConfigurationList = 63C8C9D71D565164001CE28B /* Build configuration list for PBXNativeTarget "estimoteTriggerURLTests" */;
			buildPhases = (
				63C8C9BC1D565164001CE28B /* Sources */,
				63C8C9BD1D565164001CE28B /* Frameworks */,
				63C8C9BE1D565164001CE28B /* Resources */,
			);
			buildRules = (
			);
			dependencies = (
				63C8C9C21D565164001CE28B /* PBXTargetDependency */,
			);
			name = estimoteTriggerURLTests;
			productName = estimoteTriggerURLTests;
			productReference = 63C8C9C01D565164001CE28B /* estimoteTriggerURLTests.xctest */;
			productType = "com.apple.product-type.bundle.unit-test";
		};
		63C8C9CA1D565164001CE28B /* estimoteTriggerURLUITests */ = {
			isa = PBXNativeTarget;
			buildConfigurationList = 63C8C9DA1D565164001CE28B /* Build configuration list for PBXNativeTarget "estimoteTriggerURLUITests" */;
			buildPhases = (
				63C8C9C71D565164001CE28B /* Sources */,
				63C8C9C81D565164001CE28B /* Frameworks */,
				63C8C9C91D565164001CE28B /* Resources */,
			);
			buildRules = (
			);
			dependencies = (
				63C8C9CD1D565164001CE28B /* PBXTargetDependency */,
			);
			name = estimoteTriggerURLUITests;
			productName = estimoteTriggerURLUITests;
			productReference = 63C8C9CB1D565164001CE28B /* estimoteTriggerURLUITests.xctest */;
			productType = "com.apple.product-type.bundle.ui-testing";
		};
/* End PBXNativeTarget section */

/* Begin PBXProject section */
		63C8C9A41D565164001CE28B /* Project object */ = {
			isa = PBXProject;
			attributes = {
				LastSwiftUpdateCheck = 0730;
				LastUpgradeCheck = 0730;
				ORGANIZATIONNAME = "Branch Metrics";
				TargetAttributes = {
					63C8C9AB1D565164001CE28B = {
						CreatedOnToolsVersion = 7.3.1;
						DevelopmentTeam = 5V8272ZD46;
					};
					63C8C9BF1D565164001CE28B = {
						CreatedOnToolsVersion = 7.3.1;
						TestTargetID = 63C8C9AB1D565164001CE28B;
					};
					63C8C9CA1D565164001CE28B = {
						CreatedOnToolsVersion = 7.3.1;
						TestTargetID = 63C8C9AB1D565164001CE28B;
					};
				};
			};
			buildConfigurationList = 63C8C9A71D565164001CE28B /* Build configuration list for PBXProject "estimoteTriggerURL" */;
			compatibilityVersion = "Xcode 3.2";
			developmentRegion = English;
			hasScannedForEncodings = 0;
			knownRegions = (
				en,
				Base,
			);
			mainGroup = 63C8C9A31D565164001CE28B;
			productRefGroup = 63C8C9AD1D565164001CE28B /* Products */;
			projectDirPath = "";
			projectRoot = "";
			targets = (
				63C8C9AB1D565164001CE28B /* estimoteTriggerURL */,
				63C8C9BF1D565164001CE28B /* estimoteTriggerURLTests */,
				63C8C9CA1D565164001CE28B /* estimoteTriggerURLUITests */,
			);
		};
/* End PBXProject section */

/* Begin PBXResourcesBuildPhase section */
		63C8C9AA1D565164001CE28B /* Resources */ = {
			isa = PBXResourcesBuildPhase;
			buildActionMask = 2147483647;
			files = (
				63C8C9BA1D565164001CE28B /* LaunchScreen.storyboard in Resources */,
				63C8C9B71D565164001CE28B /* Assets.xcassets in Resources */,
				63C8C9B51D565164001CE28B /* Main.storyboard in Resources */,
			);
			runOnlyForDeploymentPostprocessing = 0;
		};
		63C8C9BE1D565164001CE28B /* Resources */ = {
			isa = PBXResourcesBuildPhase;
			buildActionMask = 2147483647;
			files = (
			);
			runOnlyForDeploymentPostprocessing = 0;
		};
		63C8C9C91D565164001CE28B /* Resources */ = {
			isa = PBXResourcesBuildPhase;
			buildActionMask = 2147483647;
			files = (
			);
			runOnlyForDeploymentPostprocessing = 0;
		};
/* End PBXResourcesBuildPhase section */

/* Begin PBXShellScriptBuildPhase section */
		548DDD6A344E89BBACAD3794 /* [CP] Copy Pods Resources */ = {
			isa = PBXShellScriptBuildPhase;
			buildActionMask = 2147483647;
			files = (
			);
			inputPaths = (
			);
			name = "[CP] Copy Pods Resources";
			outputPaths = (
			);
			runOnlyForDeploymentPostprocessing = 0;
			shellPath = /bin/sh;
			shellScript = "\"${SRCROOT}/Pods/Target Support Files/Pods-estimoteTriggerURL/Pods-estimoteTriggerURL-resources.sh\"\n";
			showEnvVarsInLog = 0;
		};
		6895E20D478178759412AA0A /* [CP] Check Pods Manifest.lock */ = {
			isa = PBXShellScriptBuildPhase;
			buildActionMask = 2147483647;
			files = (
			);
			inputPaths = (
			);
			name = "[CP] Check Pods Manifest.lock";
			outputPaths = (
			);
			runOnlyForDeploymentPostprocessing = 0;
			shellPath = /bin/sh;
			shellScript = "diff \"${PODS_ROOT}/../Podfile.lock\" \"${PODS_ROOT}/Manifest.lock\" > /dev/null\nif [[ $? != 0 ]] ; then\n    cat << EOM\nerror: The sandbox is not in sync with the Podfile.lock. Run 'pod install' or update your CocoaPods installation.\nEOM\n    exit 1\nfi\n";
			showEnvVarsInLog = 0;
		};
		B83AF47F0743A252C5435393 /* [CP] Embed Pods Frameworks */ = {
			isa = PBXShellScriptBuildPhase;
			buildActionMask = 2147483647;
			files = (
			);
			inputPaths = (
			);
			name = "[CP] Embed Pods Frameworks";
			outputPaths = (
			);
			runOnlyForDeploymentPostprocessing = 0;
			shellPath = /bin/sh;
			shellScript = "\"${SRCROOT}/Pods/Target Support Files/Pods-estimoteTriggerURL/Pods-estimoteTriggerURL-frameworks.sh\"\n";
			showEnvVarsInLog = 0;
		};
/* End PBXShellScriptBuildPhase section */

/* Begin PBXSourcesBuildPhase section */
		63C8C9A81D565164001CE28B /* Sources */ = {
			isa = PBXSourcesBuildPhase;
			buildActionMask = 2147483647;
			files = (
				63C8C9B21D565164001CE28B /* ViewController.swift in Sources */,
				63C8C9B01D565164001CE28B /* AppDelegate.swift in Sources */,
			);
			runOnlyForDeploymentPostprocessing = 0;
		};
		63C8C9BC1D565164001CE28B /* Sources */ = {
			isa = PBXSourcesBuildPhase;
			buildActionMask = 2147483647;
			files = (
				63C8C9C51D565164001CE28B /* estimoteTriggerURLTests.swift in Sources */,
			);
			runOnlyForDeploymentPostprocessing = 0;
		};
		63C8C9C71D565164001CE28B /* Sources */ = {
			isa = PBXSourcesBuildPhase;
			buildActionMask = 2147483647;
			files = (
				63C8C9D01D565164001CE28B /* estimoteTriggerURLUITests.swift in Sources */,
			);
			runOnlyForDeploymentPostprocessing = 0;
		};
/* End PBXSourcesBuildPhase section */

/* Begin PBXTargetDependency section */
		63C8C9C21D565164001CE28B /* PBXTargetDependency */ = {
			isa = PBXTargetDependency;
			target = 63C8C9AB1D565164001CE28B /* estimoteTriggerURL */;
			targetProxy = 63C8C9C11D565164001CE28B /* PBXContainerItemProxy */;
		};
		63C8C9CD1D565164001CE28B /* PBXTargetDependency */ = {
			isa = PBXTargetDependency;
			target = 63C8C9AB1D565164001CE28B /* estimoteTriggerURL */;
			targetProxy = 63C8C9CC1D565164001CE28B /* PBXContainerItemProxy */;
		};
/* End PBXTargetDependency section */

/* Begin PBXVariantGroup section */
		63C8C9B31D565164001CE28B /* Main.storyboard */ = {
			isa = PBXVariantGroup;
			children = (
				63C8C9B41D565164001CE28B /* Base */,
			);
			name = Main.storyboard;
			sourceTree = "<group>";
		};
		63C8C9B81D565164001CE28B /* LaunchScreen.storyboard */ = {
			isa = PBXVariantGroup;
			children = (
				63C8C9B91D565164001CE28B /* Base */,
			);
			name = LaunchScreen.storyboard;
			sourceTree = "<group>";
		};
/* End PBXVariantGroup section */

/* Begin XCBuildConfiguration section */
		63C8C9D21D565164001CE28B /* Debug */ = {
			isa = XCBuildConfiguration;
			buildSettings = {
				ALWAYS_SEARCH_USER_PATHS = NO;
				CLANG_ANALYZER_NONNULL = YES;
				CLANG_CXX_LANGUAGE_STANDARD = "gnu++0x";
				CLANG_CXX_LIBRARY = "libc++";
				CLANG_ENABLE_MODULES = YES;
				CLANG_ENABLE_OBJC_ARC = YES;
				CLANG_WARN_BOOL_CONVERSION = YES;
				CLANG_WARN_CONSTANT_CONVERSION = YES;
				CLANG_WARN_DIRECT_OBJC_ISA_USAGE = YES_ERROR;
				CLANG_WARN_EMPTY_BODY = YES;
				CLANG_WARN_ENUM_CONVERSION = YES;
				CLANG_WARN_INT_CONVERSION = YES;
				CLANG_WARN_OBJC_ROOT_CLASS = YES_ERROR;
				CLANG_WARN_UNREACHABLE_CODE = YES;
				CLANG_WARN__DUPLICATE_METHOD_MATCH = YES;
				"CODE_SIGN_IDENTITY[sdk=iphoneos*]" = "iPhone Developer";
				COPY_PHASE_STRIP = NO;
				DEBUG_INFORMATION_FORMAT = dwarf;
				ENABLE_STRICT_OBJC_MSGSEND = YES;
				ENABLE_TESTABILITY = YES;
				GCC_C_LANGUAGE_STANDARD = gnu99;
				GCC_DYNAMIC_NO_PIC = NO;
				GCC_NO_COMMON_BLOCKS = YES;
				GCC_OPTIMIZATION_LEVEL = 0;
				GCC_PREPROCESSOR_DEFINITIONS = (
					"DEBUG=1",
					"$(inherited)",
				);
				GCC_WARN_64_TO_32_BIT_CONVERSION = YES;
				GCC_WARN_ABOUT_RETURN_TYPE = YES_ERROR;
				GCC_WARN_UNDECLARED_SELECTOR = YES;
				GCC_WARN_UNINITIALIZED_AUTOS = YES_AGGRESSIVE;
				GCC_WARN_UNUSED_FUNCTION = YES;
				GCC_WARN_UNUSED_VARIABLE = YES;
				IPHONEOS_DEPLOYMENT_TARGET = 9.3;
				MTL_ENABLE_DEBUG_INFO = YES;
				ONLY_ACTIVE_ARCH = YES;
				SDKROOT = iphoneos;
				SWIFT_OPTIMIZATION_LEVEL = "-Onone";
				TARGETED_DEVICE_FAMILY = "1,2";
			};
			name = Debug;
		};
		63C8C9D31D565164001CE28B /* Release */ = {
			isa = XCBuildConfiguration;
			buildSettings = {
				ALWAYS_SEARCH_USER_PATHS = NO;
				CLANG_ANALYZER_NONNULL = YES;
				CLANG_CXX_LANGUAGE_STANDARD = "gnu++0x";
				CLANG_CXX_LIBRARY = "libc++";
				CLANG_ENABLE_MODULES = YES;
				CLANG_ENABLE_OBJC_ARC = YES;
				CLANG_WARN_BOOL_CONVERSION = YES;
				CLANG_WARN_CONSTANT_CONVERSION = YES;
				CLANG_WARN_DIRECT_OBJC_ISA_USAGE = YES_ERROR;
				CLANG_WARN_EMPTY_BODY = YES;
				CLANG_WARN_ENUM_CONVERSION = YES;
				CLANG_WARN_INT_CONVERSION = YES;
				CLANG_WARN_OBJC_ROOT_CLASS = YES_ERROR;
				CLANG_WARN_UNREACHABLE_CODE = YES;
				CLANG_WARN__DUPLICATE_METHOD_MATCH = YES;
				"CODE_SIGN_IDENTITY[sdk=iphoneos*]" = "iPhone Developer";
				COPY_PHASE_STRIP = NO;
				DEBUG_INFORMATION_FORMAT = "dwarf-with-dsym";
				ENABLE_NS_ASSERTIONS = NO;
				ENABLE_STRICT_OBJC_MSGSEND = YES;
				GCC_C_LANGUAGE_STANDARD = gnu99;
				GCC_NO_COMMON_BLOCKS = YES;
				GCC_WARN_64_TO_32_BIT_CONVERSION = YES;
				GCC_WARN_ABOUT_RETURN_TYPE = YES_ERROR;
				GCC_WARN_UNDECLARED_SELECTOR = YES;
				GCC_WARN_UNINITIALIZED_AUTOS = YES_AGGRESSIVE;
				GCC_WARN_UNUSED_FUNCTION = YES;
				GCC_WARN_UNUSED_VARIABLE = YES;
				IPHONEOS_DEPLOYMENT_TARGET = 9.3;
				MTL_ENABLE_DEBUG_INFO = NO;
				SDKROOT = iphoneos;
				TARGETED_DEVICE_FAMILY = "1,2";
				VALIDATE_PRODUCT = YES;
			};
			name = Release;
		};
		63C8C9D51D565164001CE28B /* Debug */ = {
			isa = XCBuildConfiguration;
			baseConfigurationReference = 9275B8B8E7CC63486B50FC9E /* Pods-estimoteTriggerURL.debug.xcconfig */;
			buildSettings = {
				ASSETCATALOG_COMPILER_APPICON_NAME = AppIcon;
				CODE_SIGN_IDENTITY = "iPhone Developer";
				"CODE_SIGN_IDENTITY[sdk=iphoneos*]" = "iPhone Developer";
				INFOPLIST_FILE = estimoteTriggerURL/Info.plist;
				LD_RUNPATH_SEARCH_PATHS = "$(inherited) @executable_path/Frameworks";
				PRODUCT_BUNDLE_IDENTIFIER = com.refabricants.estimoteTriggerURL;
				PRODUCT_NAME = "$(TARGET_NAME)";
				PROVISIONING_PROFILE = "";
				SWIFT_OBJC_BRIDGING_HEADER = "${PROJECT_NAME}/ObjCBridge.h";
			};
			name = Debug;
		};
		63C8C9D61D565164001CE28B /* Release */ = {
			isa = XCBuildConfiguration;
			baseConfigurationReference = 0BB1C91E0EE254B8300A4B52 /* Pods-estimoteTriggerURL.release.xcconfig */;
			buildSettings = {
				ASSETCATALOG_COMPILER_APPICON_NAME = AppIcon;
				CODE_SIGN_IDENTITY = "iPhone Developer";
				"CODE_SIGN_IDENTITY[sdk=iphoneos*]" = "iPhone Developer";
				INFOPLIST_FILE = estimoteTriggerURL/Info.plist;
				LD_RUNPATH_SEARCH_PATHS = "$(inherited) @executable_path/Frameworks";
				PRODUCT_BUNDLE_IDENTIFIER = com.refabricants.estimoteTriggerURL;
				PRODUCT_NAME = "$(TARGET_NAME)";
				PROVISIONING_PROFILE = "";
				SWIFT_OBJC_BRIDGING_HEADER = "${PROJECT_NAME}/ObjCBridge.h";
			};
			name = Release;
		};
		63C8C9D81D565164001CE28B /* Debug */ = {
			isa = XCBuildConfiguration;
			buildSettings = {
				BUNDLE_LOADER = "$(TEST_HOST)";
				INFOPLIST_FILE = estimoteTriggerURLTests/Info.plist;
				LD_RUNPATH_SEARCH_PATHS = "$(inherited) @executable_path/Frameworks @loader_path/Frameworks";
				PRODUCT_BUNDLE_IDENTIFIER = com.refabricants.estimoteTriggerURLTests;
				PRODUCT_NAME = "$(TARGET_NAME)";
				TEST_HOST = "$(BUILT_PRODUCTS_DIR)/estimoteTriggerURL.app/estimoteTriggerURL";
			};
			name = Debug;
		};
		63C8C9D91D565164001CE28B /* Release */ = {
			isa = XCBuildConfiguration;
			buildSettings = {
				BUNDLE_LOADER = "$(TEST_HOST)";
				INFOPLIST_FILE = estimoteTriggerURLTests/Info.plist;
				LD_RUNPATH_SEARCH_PATHS = "$(inherited) @executable_path/Frameworks @loader_path/Frameworks";
				PRODUCT_BUNDLE_IDENTIFIER = com.refabricants.estimoteTriggerURLTests;
				PRODUCT_NAME = "$(TARGET_NAME)";
				TEST_HOST = "$(BUILT_PRODUCTS_DIR)/estimoteTriggerURL.app/estimoteTriggerURL";
			};
			name = Release;
		};
		63C8C9DB1D565164001CE28B /* Debug */ = {
			isa = XCBuildConfiguration;
			buildSettings = {
				INFOPLIST_FILE = estimoteTriggerURLUITests/Info.plist;
				LD_RUNPATH_SEARCH_PATHS = "$(inherited) @executable_path/Frameworks @loader_path/Frameworks";
				PRODUCT_BUNDLE_IDENTIFIER = com.refabricants.estimoteTriggerURLUITests;
				PRODUCT_NAME = "$(TARGET_NAME)";
				TEST_TARGET_NAME = estimoteTriggerURL;
			};
			name = Debug;
		};
		63C8C9DC1D565164001CE28B /* Release */ = {
			isa = XCBuildConfiguration;
			buildSettings = {
				INFOPLIST_FILE = estimoteTriggerURLUITests/Info.plist;
				LD_RUNPATH_SEARCH_PATHS = "$(inherited) @executable_path/Frameworks @loader_path/Frameworks";
				PRODUCT_BUNDLE_IDENTIFIER = com.refabricants.estimoteTriggerURLUITests;
				PRODUCT_NAME = "$(TARGET_NAME)";
				TEST_TARGET_NAME = estimoteTriggerURL;
			};
			name = Release;
		};
/* End XCBuildConfiguration section */

/* Begin XCConfigurationList section */
		63C8C9A71D565164001CE28B /* Build configuration list for PBXProject "estimoteTriggerURL" */ = {
			isa = XCConfigurationList;
			buildConfigurations = (
				63C8C9D21D565164001CE28B /* Debug */,
				63C8C9D31D565164001CE28B /* Release */,
			);
			defaultConfigurationIsVisible = 0;
			defaultConfigurationName = Release;
		};
		63C8C9D41D565164001CE28B /* Build configuration list for PBXNativeTarget "estimoteTriggerURL" */ = {
			isa = XCConfigurationList;
			buildConfigurations = (
				63C8C9D51D565164001CE28B /* Debug */,
				63C8C9D61D565164001CE28B /* Release */,
			);
			defaultConfigurationIsVisible = 0;
			defaultConfigurationName = Release;
		};
		63C8C9D71D565164001CE28B /* Build configuration list for PBXNativeTarget "estimoteTriggerURLTests" */ = {
			isa = XCConfigurationList;
			buildConfigurations = (
				63C8C9D81D565164001CE28B /* Debug */,
				63C8C9D91D565164001CE28B /* Release */,
			);
			defaultConfigurationIsVisible = 0;
			defaultConfigurationName = Release;
		};
		63C8C9DA1D565164001CE28B /* Build configuration list for PBXNativeTarget "estimoteTriggerURLUITests" */ = {
			isa = XCConfigurationList;
			buildConfigurations = (
				63C8C9DB1D565164001CE28B /* Debug */,
				63C8C9DC1D565164001CE28B /* Release */,
			);
			defaultConfigurationIsVisible = 0;
			defaultConfigurationName = Release;
		};
/* End XCConfigurationList section */
	};
	rootObject = 63C8C9A41D565164001CE28B /* Project object */;
}
